{
  "name": "search-form",
  "version": "1.0.0",
  "lockfileVersion": 1,
  "requires": true,
  "dependencies": {
    "@babel/runtime": {
      "version": "7.4.5",
      "resolved": "http://47.93.121.177:8081/repository/npm-all/@babel/runtime/-/runtime-7.4.5.tgz",
      "integrity": "sha512-TuI4qpWZP6lGOGIuGWtp9sPluqYICmbk8T/1vpSysqJxRPkudh/ofFWyqdcMsDf2s7KvDL4/YHgKyvcS3g9CJQ==",
      "requires": {
        "regenerator-runtime": "^0.13.2"
      }
    },
    "@riophae/vue-treeselect": {
      "version": "0.0.37",
      "resolved": "http://47.93.121.177:8081/repository/npm-all/@riophae/vue-treeselect/-/vue-treeselect-0.0.37.tgz",
      "integrity": "sha512-k/NVM2whRI7f7hx8y2VM/7xWcA/aX9wzIoSb/N2sVarKL9+eJFzzUgL88S8j2Yj92Do0krqjvscprm1+AaZZrw==",
      "requires": {
        "@babel/runtime": "^7.0.0",
        "babel-helper-vue-jsx-merge-props": "^2.0.3",
        "easings-css": "^1.0.0",
        "fuzzysearch": "^1.0.3",
        "google-material-color": "^1.3.1",
        "is-promise": "^2.1.0",
        "lodash": "^4.0.0",
        "watch-size": "^2.0.0"
      }
    },
    "babel-helper-vue-jsx-merge-props": {
      "version": "2.0.3",
      "resolved": "http://47.93.121.177:8081/repository/npm-all/babel-helper-vue-jsx-merge-props/-/babel-helper-vue-jsx-merge-props-2.0.3.tgz",
      "integrity": "sha512-gsLiKK7Qrb7zYJNgiXKpXblxbV5ffSwR0f5whkPAaBAR4fhi6bwRZxX9wBlIc5M/v8CCkXUbXZL4N/nSE97cqg=="
    },
    "easings-css": {
      "version": "1.0.0",
      "resolved": "http://47.93.121.177:8081/repository/npm-all/easings-css/-/easings-css-1.0.0.tgz",
      "integrity": "sha512-7Uq7NdazNfVtr0RNmPAys8it0zKCuaqxJStYKEl72D3j4gbvXhhaM7iWNbqhA4C94ygCye6VuyhzBRQC4szeBg=="
    },
    "fuzzysearch": {
      "version": "1.0.3",
      "resolved": "http://47.93.121.177:8081/repository/npm-all/fuzzysearch/-/fuzzysearch-1.0.3.tgz",
      "integrity": "sha1-3/yA9tawQiPyImqnndGUIxCW0Ag="
    },
    "google-material-color": {
      "version": "1.3.1",
      "resolved": "http://47.93.121.177:8081/repository/npm-all/google-material-color/-/google-material-color-1.3.1.tgz",
      "integrity": "sha1-mAgtTthq9DuzqxHEmoHrmcrKEFY=",
      "requires": {
        "lodash": "^2.4.1"
      },
      "dependencies": {
        "lodash": {
          "version": "2.4.2",
          "resolved": "http://47.93.121.177:8081/repository/npm-all/lodash/-/lodash-2.4.2.tgz",
          "integrity": "sha1-+t2DS5aDBz2hebPq5tnA0VBT9z4="
        }
      }
    },
    "is-promise": {
      "version": "2.1.0",
      "resolved": "http://47.93.121.177:8081/repository/npm-all/is-promise/-/is-promise-2.1.0.tgz",
      "integrity": "sha1-eaKp7OfwlugPNtKy87wWwf9L8/o="
    },
    "lodash": {
      "version": "4.17.11",
      "resolved": "http://47.93.121.177:8081/repository/npm-all/lodash/-/lodash-4.17.11.tgz",
      "integrity": "sha512-cQKh8igo5QUhZ7lg38DYWAxMvjSAKG0A8wGSVimP07SIUEK2UO+arSRKbRZWtelMtN5V0Hkwh5ryOto/SshYIg=="
    },
    "regenerator-runtime": {
      "version": "0.13.2",
      "resolved": "http://47.93.121.177:8081/repository/npm-all/regenerator-runtime/-/regenerator-runtime-0.13.2.tgz",
      "integrity": "sha512-S/TQAZJO+D3m9xeN1WTI8dLKBBiRgXBlTJvbWjCThHWZj9EvHK70Ff50/tYj2J/fvBY6JtFVwRuazHN2E7M9BA=="
    },
    "watch-size": {
      "version": "2.0.0",
      "resolved": "http://47.93.121.177:8081/repository/npm-all/watch-size/-/watch-size-2.0.0.tgz",
      "integrity": "sha512-M92R89dNoTPWyCD+HuUEDdhaDnh9jxPGOwlDc0u51jAgmjUvzqaEMynXSr3BaWs+QdHYk4KzibPy1TFtjLmOZQ=="
    }
  }
}
